
Microsoft Visual Studio Solution File, Format Version 12.00
Project("{FAE04EC0-301F-11D3-BF4B-00C04F79EFBC}") = "Minio.Example1", "Minio.Example1\Minio.Example1.csproj", "{3B0E7676-7780-461C-89BD-F2F36553440E}"
EndProject
Project("{FAE04EC0-301F-11D3-BF4B-00C04F79EFBC}") = "Minio", "Minio\Minio.csproj", "{CE3B14B0-342A-476D-9A29-8F58697A2C1A}"
EndProject
Project("{FAE04EC0-301F-11D3-BF4B-00C04F79EFBC}") = "Minio.Tests", "Minio.Tests\Minio.Tests.csproj", "{6F9B405F-D223-46EB-9087-067E2ED12AED}"
EndProject
Global
	GlobalSection(SolutionConfigurationPlatforms) = preSolution
		Debug|Any CPU = Debug|Any CPU
		Release|Any CPU = Release|Any CPU
	EndGlobalSection
	GlobalSection(ProjectConfigurationPlatforms) = postSolution
		{3B0E7676-7780-461C-89BD-F2F36553440E}.Debug|Any CPU.ActiveCfg = Debug|Any CPU
		{3B0E7676-7780-461C-89BD-F2F36553440E}.Debug|Any CPU.Build.0 = Debug|Any CPU
		{3B0E7676-7780-461C-89BD-F2F36553440E}.Release|Any CPU.ActiveCfg = Release|Any CPU
		{3B0E7676-7780-461C-89BD-F2F36553440E}.Release|Any CPU.Build.0 = Release|Any CPU
		{CE3B14B0-342A-476D-9A29-8F58697A2C1A}.Debug|Any CPU.ActiveCfg = Debug|Any CPU
		{CE3B14B0-342A-476D-9A29-8F58697A2C1A}.Debug|Any CPU.Build.0 = Debug|Any CPU
		{CE3B14B0-342A-476D-9A29-8F58697A2C1A}.Release|Any CPU.ActiveCfg = Release|Any CPU
		{CE3B14B0-342A-476D-9A29-8F58697A2C1A}.Release|Any CPU.Build.0 = Release|Any CPU
		{6F9B405F-D223-46EB-9087-067E2ED12AED}.Debug|Any CPU.ActiveCfg = Debug|Any CPU
		{6F9B405F-D223-46EB-9087-067E2ED12AED}.Debug|Any CPU.Build.0 = Debug|Any CPU
		{6F9B405F-D223-46EB-9087-067E2ED12AED}.Release|Any CPU.ActiveCfg = Release|Any CPU
		{6F9B405F-D223-46EB-9087-067E2ED12AED}.Release|Any CPU.Build.0 = Release|Any CPU
	EndGlobalSection
EndGlobal
